github.com/OneOfOne/xxhash v1.2.2 h1:KMrpdQIwFcEqXDklaen+P1axHaj9BSKzvpUUfnHldSE=
github.com/OneOfOne/xxhash v1.2.2/go.mod h1:HSdplMjZKSmBqAxg5vPj2TmRDmfkzw+cTzAElWljhcU=
github.com/cespare/xxhash v1.1.0 h1:a6HrQnmkObjyL+Gs60czilIUGqrzKutQD6XZog3p+ko=
github.com/cespare/xxhash v1.1.0/go.mod h1:XrSqR1VqqWfGrhpAt58auRo0WTKS1nRRg3ghfAqPWnc=
github.com/cespare/xxhash/v2 v2.1.1 h1:6MnRN8NT7+YBpUIWxHtefFZOKTAPgGjpQSxqLNn0+qY=
github.com/cespare/xxhash/v2 v2.1.1/go.mod h1:VGX0DQ3Q6kWi7AoAeZDth3/j3BFtOZR5XLFGgcrjCOs=
github.com/cznic/sortutil v0.0.0-20181122101858-f5f958428db8 h1:LpMLYGyy67BoAFGda1NeOBQwqlv7nUXpm+rIVHGxZZ4=
github.com/cznic/sortutil v0.0.0-20181122101858-f5f958428db8/go.mod h1:q2w6Bg5jeox1B+QkJ6Wp/+Vn0G/bo3f1uY7Fn3vivIQ=
github.com/dgryski/go-wyhash v0.0.0-20191203203029-c4841ae36371 h1:bz5ApY1kzFBvw3yckuyRBCtqGvprWrKswYK468nm+Gs=
github.com/dgryski/go-wyhash v0.0.0-20191203203029-c4841ae36371/go.mod h1:/ENMIO1SQeJ5YQeUWWpbX8f+bS8INHrrhFjXgEqi4LA=
github.com/orisano/wyhash v1.1.0 h1:5G0zu/KRhag1ORe+uld7GEc99VlGmhZqaelcqpkU5ZA=
github.com/orisano/wyhash v1.1.0/go.mod h1:xHcF6Rc2+j4CzkmGjiwovrGtIYHjxQjdKGR3wBmQf2s=
github.com/orisano/wyhash/v3 v3.0.0-20200519113957-80e7e8ac888e h1:7hWhCnycgFs3RyBRaYpENjngOXI79y0crDQRHVaDcqg=
github.com/orisano/wyhash/v3 v3.0.0-20200519113957-80e7e8ac888e/go.mod h1:n78hvwvWDvIBFwTgno+6IENU0WUeL59CWkuUZopY15Q=
github.com/orisano/wyhash/v4 v4.0.0-20200519113957-80e7e8ac888e h1:nPZN0BRip0Z7Jd9jlXeA8C9SsTFOg8FOL9av5SHu9Fc=
github.com/orisano/wyhash/v4 v4.0.0-20200519113957-80e7e8ac888e/go.mod h1:XzAQP71BY37CGUd0XuzxNPHh1gc2paOK3pVv0LkPV3o=
github.com/shenwei356/bio v0.0.0-20201213090627-18e3e643a476 h1:PE3sUBFeHWFNLsrQ7Blyk4duI+emVGKQ1+iYo4ZalKk=
github.com/shenwei356/bio v0.0.0-20201213090627-18e3e643a476/go.mod h1:tKIebGVfqYwgLIoXohkLiQO685B2d3l9vTf1cjRZaVk=
github.com/shenwei356/bpool v0.0.0-20160710042833-f9e0ee4d0403 h1:/3JklLnHXiWUBxWc3joQYavDQJpncRhRA909cUb7eOw=
github.com/shenwei356/bpool v0.0.0-20160710042833-f9e0ee4d0403/go.mod h1:YkgdTWfNnJgv5HVJbVSDmxQtkK3/jZWDoqcG26BVU8k=
github.com/shenwei356/util v2020.12.31+incompatible h1:CQYnsFHZ6A6OdDTnx/+xYbY4AhRFXaTG1muSvOJZGEo=
github.com/shenwei356/util v2020.12.31+incompatible/go.mod h1:n3qhc3bQzlqJ2/5v79hgl0Gd3WzJOkI8XcUix25Brdg=
github.com/spaolacci/murmur3 v0.0.0-20180118202830-f09979ecbc72/go.mod h1:JwIasOWyU6f++ZhiEuf87xNszmSA2myDM2Kzu9HwQUA=
github.com/spaolacci/murmur3 v1.1.0 h1:7c1g84S4BPRrfL5Xrdp6fOJ206sU9y293DDHaoy0bLI=
github.com/spaolacci/murmur3 v1.1.0/go.mod h1:JwIasOWyU6f++ZhiEuf87xNszmSA2myDM2Kzu9HwQUA=
github.com/twmb/murmur3 v1.1.5 h1:i9OLS9fkuLzBXjt6dptlAEyk58fJsSTXbRg3SgVyqgk=
github.com/twmb/murmur3 v1.1.5/go.mod h1:Qq/R7NUyOfr65zD+6Q5IHKsJLwP7exErjN6lyyq3OSQ=
github.com/will-rowe/nthash v0.3.0 h1:yN+Il98GRWyp7HdaiEbsE7KC4ySEKtPatm+SLZ5uQBk=
github.com/will-rowe/nthash v0.3.0/go.mod h1:5ezweuK0J5j+/7lih/RkrSmnxI3hoaPpQiVWJ7rd960=
github.com/zeebo/wyhash v0.0.1 h1:VEByEMek3iHhV65CgG3SRAWVtg/6TcmbEKj5jPOKDrc=
github.com/zeebo/wyhash v0.0.1/go.mod h1:Ti+OwfNtM5AZiYAL0kOPIfliqDP5c0VtOnnMAqzuuZk=
github.com/zeebo/xxh3 v0.10.0 h1:1+2Mov9zfxTNUeoDG9k9i13VfxTR0p1JQu8L0vikxB0=
github.com/zeebo/xxh3 v0.10.0/go.mod h1:AQY73TOrhF3jNsdiM9zZOb8MThrYbZONHj7ryDBaLpg=
golang.org/x/sys v0.0.0-20200727154430-2d971f7391a4 h1:gtF+PUC1CD1a9ocwQHbVNXuTp6RQsAYt6tpi6zjT81Y=
golang.org/x/sys v0.0.0-20200727154430-2d971f7391a4/go.mod h1:h1NjWce9XRLGQEsW7wpKNCjG9DtNlClVuFLEZdDNbEs=
